// !$*UTF8*$!
{
	archiveVersion = 1;
	classes = {
	};
	objectVersion = 50;
	objects = {

/* Begin PBXBuildFile section */
		6325386E2502F87A00E88412 /* easytorq.cpp in Sources */ = {isa = PBXBuildFile; fileRef = 632538562502F5D000E88412 /* easytorq.cpp */; };
		6325386F2502F89200E88412 /* interpreter.cpp in Sources */ = {isa = PBXBuildFile; fileRef = 632538472502F5D000E88412 /* interpreter.cpp */; };
		632538702502F89E00E88412 /* texttoken.cpp in Sources */ = {isa = PBXBuildFile; fileRef = 632538462502F5D000E88412 /* texttoken.cpp */; };
		632538712502F8A700E88412 /* torqcommon.cpp in Sources */ = {isa = PBXBuildFile; fileRef = 6325384B2502F5D000E88412 /* torqcommon.cpp */; };
		6325388C2502F8CD00E88412 /* unportable.cpp in Sources */ = {isa = PBXBuildFile; fileRef = 6325387B2502F8C300E88412 /* unportable.cpp */; };
		6325388D2502F8D400E88412 /* utf8support.cpp in Sources */ = {isa = PBXBuildFile; fileRef = 6325387E2502F8C300E88412 /* utf8support.cpp */; };
		6325389E2503361800E88412 /* picosel.cpp in Sources */ = {isa = PBXBuildFile; fileRef = 6325389C2503361800E88412 /* picosel.cpp */; };
		6325389F2503364300E88412 /* unportable.cpp in Sources */ = {isa = PBXBuildFile; fileRef = 6325387B2502F8C300E88412 /* unportable.cpp */; };
		632538CA2503381600E88412 /* ccfx.cpp in Sources */ = {isa = PBXBuildFile; fileRef = 632538B42503381600E88412 /* ccfx.cpp */; };
		632538CB2503381600E88412 /* ccfxcommon.cpp in Sources */ = {isa = PBXBuildFile; fileRef = 632538B52503381600E88412 /* ccfxcommon.cpp */; };
		632538CD2503381600E88412 /* rawclonepairdata.cpp in Sources */ = {isa = PBXBuildFile; fileRef = 632538C32503381600E88412 /* rawclonepairdata.cpp */; };
		632538CE2503381600E88412 /* prettyprintermain.cpp in Sources */ = {isa = PBXBuildFile; fileRef = 632538C62503381600E88412 /* prettyprintermain.cpp */; };
		632538CF250338F200E88412 /* base64encoder.cpp in Sources */ = {isa = PBXBuildFile; fileRef = 632538862502F8C300E88412 /* base64encoder.cpp */; };
		632538D02503390100E88412 /* bitvector.cpp in Sources */ = {isa = PBXBuildFile; fileRef = 632538752502F8C200E88412 /* bitvector.cpp */; };
		632538D12503391A00E88412 /* ccfxconstants.cpp in Sources */ = {isa = PBXBuildFile; fileRef = 632538B22503381600E88412 /* ccfxconstants.cpp */; };
		632538D22503392A00E88412 /* unportable.cpp in Sources */ = {isa = PBXBuildFile; fileRef = 6325387B2502F8C300E88412 /* unportable.cpp */; };
		632538D32503393200E88412 /* utf8support.cpp in Sources */ = {isa = PBXBuildFile; fileRef = 6325387E2502F8C300E88412 /* utf8support.cpp */; };
		632538D925033B5600E88412 /* ccfx_prep_scripts.ini in CopyFiles */ = {isa = PBXBuildFile; fileRef = 632538B12503381600E88412 /* ccfx_prep_scripts.ini */; };
		6325390325033CE100E88412 /* win32getshortname.py in CopyFiles */ = {isa = PBXBuildFile; fileRef = 632538EF25033C5000E88412 /* win32getshortname.py */; };
		6325390425033CE100E88412 /* moduleloadutility.py in CopyFiles */ = {isa = PBXBuildFile; fileRef = 632538F025033C5000E88412 /* moduleloadutility.py */; };
		6325390525033CE100E88412 /* easytorq_helper.py in CopyFiles */ = {isa = PBXBuildFile; fileRef = 632538FA25033C5000E88412 /* easytorq_helper.py */; };
		6325390625033CE100E88412 /* threadingutil.py in CopyFiles */ = {isa = PBXBuildFile; fileRef = 632538FB25033C5000E88412 /* threadingutil.py */; };
		6325390725033CE100E88412 /* preprocess.py in CopyFiles */ = {isa = PBXBuildFile; fileRef = 632538FC25033C5000E88412 /* preprocess.py */; };
		6325390825033CE100E88412 /* testthreadingutil.py in CopyFiles */ = {isa = PBXBuildFile; fileRef = 632538FD25033C5000E88412 /* testthreadingutil.py */; };
		6325390925033CE100E88412 /* utility.py in CopyFiles */ = {isa = PBXBuildFile; fileRef = 632538FE25033C5000E88412 /* utility.py */; };
		6325390A25033CE100E88412 /* prescreening.py in CopyFiles */ = {isa = PBXBuildFile; fileRef = 632538FF25033C5000E88412 /* prescreening.py */; };
		6325390B25033CE100E88412 /* pythonversionchecker.py in CopyFiles */ = {isa = PBXBuildFile; fileRef = 6325390025033C5000E88412 /* pythonversionchecker.py */; };
		6325390C25033CE100E88412 /* ccfxconfig.py in CopyFiles */ = {isa = PBXBuildFile; fileRef = 6325390125033C5000E88412 /* ccfxconfig.py */; };
		6325390E25033D1D00E88412 /* java.py in CopyFiles */ = {isa = PBXBuildFile; fileRef = 632538F225033C5000E88412 /* java.py */; };
		6325390F25033D1D00E88412 /* cobol.py in CopyFiles */ = {isa = PBXBuildFile; fileRef = 632538F325033C5000E88412 /* cobol.py */; };
		6325391025033D1D00E88412 /* plaintext.py in CopyFiles */ = {isa = PBXBuildFile; fileRef = 632538F425033C5000E88412 /* plaintext.py */; };
		6325391125033D1D00E88412 /* __init__.py in CopyFiles */ = {isa = PBXBuildFile; fileRef = 632538F525033C5000E88412 /* __init__.py */; };
		6325391225033D1D00E88412 /* preprocessor.py in CopyFiles */ = {isa = PBXBuildFile; fileRef = 632538F625033C5000E88412 /* preprocessor.py */; };
		6325391325033D1D00E88412 /* cpp.py in CopyFiles */ = {isa = PBXBuildFile; fileRef = 632538F725033C5000E88412 /* cpp.py */; };
		6325391425033D1D00E88412 /* csharp.py in CopyFiles */ = {isa = PBXBuildFile; fileRef = 632538F825033C5000E88412 /* csharp.py */; };
		6325391525033D1D00E88412 /* visualbasic.py in CopyFiles */ = {isa = PBXBuildFile; fileRef = 632538F925033C5000E88412 /* visualbasic.py */; };
		632539482503580800E88412 /* unportable.cpp in Sources */ = {isa = PBXBuildFile; fileRef = 6325387B2502F8C300E88412 /* unportable.cpp */; };
		632539492503582200E88412 /* base64encoder.cpp in Sources */ = {isa = PBXBuildFile; fileRef = 632538862502F8C300E88412 /* base64encoder.cpp */; };
		6325394A2503583400E88412 /* utf8support.cpp in Sources */ = {isa = PBXBuildFile; fileRef = 6325387E2502F8C300E88412 /* utf8support.cpp */; };
		6325394B2503583F00E88412 /* ccfxcommon.cpp in Sources */ = {isa = PBXBuildFile; fileRef = 632538B52503381600E88412 /* ccfxcommon.cpp */; };
		6325394C2503584E00E88412 /* ccfxconstants.cpp in Sources */ = {isa = PBXBuildFile; fileRef = 632538B22503381600E88412 /* ccfxconstants.cpp */; };
		6325394F2504444300E88412 /* pyeasytorq.cpp in Sources */ = {isa = PBXBuildFile; fileRef = 6325385D2502F5D000E88412 /* pyeasytorq.cpp */; };
		63253961250449BB00E88412 /* gemxlib.jar in Copy Files (5 items) */ = {isa = PBXBuildFile; fileRef = 63253954250448D900E88412 /* gemxlib.jar */; };
		63253962250449BB00E88412 /* gemx.sh in Copy Files (5 items) */ = {isa = PBXBuildFile; fileRef = 63253955250448D900E88412 /* gemx.sh */; };
		63253963250449BB00E88412 /* pathjson.jar in Copy Files (5 items) */ = {isa = PBXBuildFile; fileRef = 63253957250448D900E88412 /* pathjson.jar */; };
		63253964250449BB00E88412 /* swt.jar in Copy Files (5 items) */ = {isa = PBXBuildFile; fileRef = 63253959250448D900E88412 /* swt.jar */; };
		63253965250449BB00E88412 /* trove-2.0.4.jar in Copy Files (5 items) */ = {isa = PBXBuildFile; fileRef = 6325395A250448D900E88412 /* trove-2.0.4.jar */; };
		6325396625044A0100E88412 /* CCFinderXLib.cpp in Sources */ = {isa = PBXBuildFile; fileRef = 632538C02503381600E88412 /* CCFinderXLib.cpp */; };
		6325397725044AF300E88412 /* GemXMain.class in Copy Files (5 items) */ = {isa = PBXBuildFile; fileRef = 6325396E25044AC300E88412 /* GemXMain.class */; };
		63253DE225044BE200E88412 /* utility_Picosel.h in Headers */ = {isa = PBXBuildFile; fileRef = 6325397925044BDC00E88412 /* utility_Picosel.h */; };
		63253DE525044BE200E88412 /* icu4j-charsets-4_0_1.jar in Frameworks */ = {isa = PBXBuildFile; fileRef = 6325398225044BDC00E88412 /* icu4j-charsets-4_0_1.jar */; };
		63253E0D25044BE300E88412 /* utility_Decoder.h in Headers */ = {isa = PBXBuildFile; fileRef = 63253DA825044BE200E88412 /* utility_Decoder.h */; };
		63253E1C25044BE300E88412 /* ccfinderx_CCFinderX.h in Headers */ = {isa = PBXBuildFile; fileRef = 63253DB925044BE200E88412 /* ccfinderx_CCFinderX.h */; };
		63253E2225044BE300E88412 /* icu4j-4_0_1.jar in Frameworks */ = {isa = PBXBuildFile; fileRef = 63253DC125044BE200E88412 /* icu4j-4_0_1.jar */; };
		63253E2325044BE300E88412 /* icu4j-localespi-4_0_1.jar in Frameworks */ = {isa = PBXBuildFile; fileRef = 63253DC225044BE200E88412 /* icu4j-localespi-4_0_1.jar */; };
		63253E4125044D2A00E88412 /* icu4j-charsets-4_0_1.jar in Copy Files (5 items) */ = {isa = PBXBuildFile; fileRef = 6325398225044BDC00E88412 /* icu4j-charsets-4_0_1.jar */; };
		63253E4225044D2A00E88412 /* icu4j-4_0_1.jar in Copy Files (5 items) */ = {isa = PBXBuildFile; fileRef = 63253DC125044BE200E88412 /* icu4j-4_0_1.jar */; };
		63253E4325044D2A00E88412 /* icu4j-localespi-4_0_1.jar in Copy Files (5 items) */ = {isa = PBXBuildFile; fileRef = 63253DC225044BE200E88412 /* icu4j-localespi-4_0_1.jar */; };
		63253E4425044D2A00E88412 /* colors.json in Copy Files (5 items) */ = {isa = PBXBuildFile; fileRef = 63253DC325044BE200E88412 /* colors.json */; };
/* End PBXBuildFile section */

/* Begin PBXContainerItemProxy section */
		632538D42503394600E88412 /* PBXContainerItemProxy */ = {
			isa = PBXContainerItemProxy;
			containerPortal = 6304783D2502F3A300E8BDB3 /* Project object */;
			proxyType = 1;
			remoteGlobalIDString = 632538682502F61F00E88412;
			remoteInfo = easytorq;
		};
		6325394D2503585A00E88412 /* PBXContainerItemProxy */ = {
			isa = PBXContainerItemProxy;
			containerPortal = 6304783D2502F3A300E8BDB3 /* Project object */;
			proxyType = 1;
			remoteGlobalIDString = 632538A3250337FB00E88412;
			remoteInfo = ccfx;
		};
/* End PBXContainerItemProxy section */

/* Begin PBXCopyFilesBuildPhase section */
		632538912503358F00E88412 /* CopyFiles */ = {
			isa = PBXCopyFilesBuildPhase;
			buildActionMask = 2147483647;
			dstPath = /usr/share/man/man1/;
			dstSubfolderSpec = 0;
			files = (
			);
			runOnlyForDeploymentPostprocessing = 1;
		};
		632538A2250337FB00E88412 /* CopyFiles */ = {
			isa = PBXCopyFilesBuildPhase;
			buildActionMask = 12;
			dstPath = "";
			dstSubfolderSpec = 7;
			files = (
				632538D925033B5600E88412 /* ccfx_prep_scripts.ini in CopyFiles */,
			);
			runOnlyForDeploymentPostprocessing = 0;
		};
		6325390225033CAC00E88412 /* CopyFiles */ = {
			isa = PBXCopyFilesBuildPhase;
			buildActionMask = 2147483647;
			dstPath = scripts;
			dstSubfolderSpec = 7;
			files = (
				6325390325033CE100E88412 /* win32getshortname.py in CopyFiles */,
				6325390425033CE100E88412 /* moduleloadutility.py in CopyFiles */,
				6325390525033CE100E88412 /* easytorq_helper.py in CopyFiles */,
				6325390625033CE100E88412 /* threadingutil.py in CopyFiles */,
				6325390725033CE100E88412 /* preprocess.py in CopyFiles */,
				6325390825033CE100E88412 /* testthreadingutil.py in CopyFiles */,
				6325390925033CE100E88412 /* utility.py in CopyFiles */,
				6325390A25033CE100E88412 /* prescreening.py in CopyFiles */,
				6325390B25033CE100E88412 /* pythonversionchecker.py in CopyFiles */,
				6325390C25033CE100E88412 /* ccfxconfig.py in CopyFiles */,
			);
			runOnlyForDeploymentPostprocessing = 0;
		};
		6325390D25033CEC00E88412 /* CopyFiles */ = {
			isa = PBXCopyFilesBuildPhase;
			buildActionMask = 2147483647;
			dstPath = scripts/pp;
			dstSubfolderSpec = 7;
			files = (
				6325390E25033D1D00E88412 /* java.py in CopyFiles */,
				6325390F25033D1D00E88412 /* cobol.py in CopyFiles */,
				6325391025033D1D00E88412 /* plaintext.py in CopyFiles */,
				6325391125033D1D00E88412 /* __init__.py in CopyFiles */,
				6325391225033D1D00E88412 /* preprocessor.py in CopyFiles */,
				6325391325033D1D00E88412 /* cpp.py in CopyFiles */,
				6325391425033D1D00E88412 /* csharp.py in CopyFiles */,
				6325391525033D1D00E88412 /* visualbasic.py in CopyFiles */,
			);
			runOnlyForDeploymentPostprocessing = 0;
		};
		63253960250449A700E88412 /* Copy Files (5 items) */ = {
			isa = PBXCopyFilesBuildPhase;
			buildActionMask = 2147483647;
			dstPath = "";
			dstSubfolderSpec = 7;
			files = (
				63253E4125044D2A00E88412 /* icu4j-charsets-4_0_1.jar in Copy Files (5 items) */,
				63253E4225044D2A00E88412 /* icu4j-4_0_1.jar in Copy Files (5 items) */,
				63253E4325044D2A00E88412 /* icu4j-localespi-4_0_1.jar in Copy Files (5 items) */,
				63253E4425044D2A00E88412 /* colors.json in Copy Files (5 items) */,
				6325397725044AF300E88412 /* GemXMain.class in Copy Files (5 items) */,
				63253961250449BB00E88412 /* gemxlib.jar in Copy Files (5 items) */,
				63253962250449BB00E88412 /* gemx.sh in Copy Files (5 items) */,
				63253963250449BB00E88412 /* pathjson.jar in Copy Files (5 items) */,
				63253964250449BB00E88412 /* swt.jar in Copy Files (5 items) */,
				63253965250449BB00E88412 /* trove-2.0.4.jar in Copy Files (5 items) */,
			);
			name = "Copy Files (5 items)";
			runOnlyForDeploymentPostprocessing = 0;
		};
/* End PBXCopyFilesBuildPhase section */

/* Begin PBXFileReference section */
		632538452502F5D000E88412 /* torqparser.h */ = {isa = PBXFileReference; fileEncoding = 4; lastKnownFileType = sourcecode.c.h; path = torqparser.h; sourceTree = "<group>"; };
		632538462502F5D000E88412 /* texttoken.cpp */ = {isa = PBXFileReference; fileEncoding = 4; lastKnownFileType = sourcecode.cpp.cpp; path = texttoken.cpp; sourceTree = "<group>"; };
		632538472502F5D000E88412 /* interpreter.cpp */ = {isa = PBXFileReference; fileEncoding = 4; lastKnownFileType = sourcecode.cpp.cpp; path = interpreter.cpp; sourceTree = "<group>"; };
		632538482502F5D000E88412 /* specialchars.h */ = {isa = PBXFileReference; fileEncoding = 4; lastKnownFileType = sourcecode.c.h; path = specialchars.h; sourceTree = "<group>"; };
		6325384A2502F5D000E88412 /* texttoken.h */ = {isa = PBXFileReference; fileEncoding = 4; lastKnownFileType = sourcecode.c.h; path = texttoken.h; sourceTree = "<group>"; };
		6325384B2502F5D000E88412 /* torqcommon.cpp */ = {isa = PBXFileReference; fileEncoding = 4; lastKnownFileType = sourcecode.cpp.cpp; path = torqcommon.cpp; sourceTree = "<group>"; };
		6325384C2502F5D000E88412 /* torqdll.h */ = {isa = PBXFileReference; fileEncoding = 4; lastKnownFileType = sourcecode.c.h; path = torqdll.h; sourceTree = "<group>"; };
		6325384E2502F5D000E88412 /* interpreter.h */ = {isa = PBXFileReference; fileEncoding = 4; lastKnownFileType = sourcecode.c.h; path = interpreter.h; sourceTree = "<group>"; };
		6325384F2502F5D000E88412 /* torq.cpp */ = {isa = PBXFileReference; fileEncoding = 4; lastKnownFileType = sourcecode.cpp.cpp; path = torq.cpp; sourceTree = "<group>"; };
		632538522502F5D000E88412 /* torqtokenizer.h */ = {isa = PBXFileReference; fileEncoding = 4; lastKnownFileType = sourcecode.c.h; path = torqtokenizer.h; sourceTree = "<group>"; };
		632538562502F5D000E88412 /* easytorq.cpp */ = {isa = PBXFileReference; fileEncoding = 4; lastKnownFileType = sourcecode.cpp.cpp; path = easytorq.cpp; sourceTree = "<group>"; };
		632538572502F5D000E88412 /* easytorq.h */ = {isa = PBXFileReference; fileEncoding = 4; lastKnownFileType = sourcecode.c.h; path = easytorq.h; sourceTree = "<group>"; };
		632538582502F5D000E88412 /* torqcommon.h */ = {isa = PBXFileReference; fileEncoding = 4; lastKnownFileType = sourcecode.c.h; path = torqcommon.h; sourceTree = "<group>"; };
		6325385D2502F5D000E88412 /* pyeasytorq.cpp */ = {isa = PBXFileReference; fileEncoding = 4; lastKnownFileType = sourcecode.cpp.cpp; path = pyeasytorq.cpp; sourceTree = "<group>"; };
		632538692502F61F00E88412 /* easytorq.so */ = {isa = PBXFileReference; explicitFileType = "compiled.mach-o.dylib"; includeInIndex = 0; path = easytorq.so; sourceTree = BUILT_PRODUCTS_DIR; };
		632538732502F8C200E88412 /* specialstringmap.h */ = {isa = PBXFileReference; fileEncoding = 4; lastKnownFileType = sourcecode.c.h; path = specialstringmap.h; sourceTree = "<group>"; };
		632538742502F8C200E88412 /* bitcounttable.h */ = {isa = PBXFileReference; fileEncoding = 4; lastKnownFileType = sourcecode.c.h; path = bitcounttable.h; sourceTree = "<group>"; };
		632538752502F8C200E88412 /* bitvector.cpp */ = {isa = PBXFileReference; fileEncoding = 4; lastKnownFileType = sourcecode.cpp.cpp; path = bitvector.cpp; sourceTree = "<group>"; };
		632538762502F8C200E88412 /* datastructureonfile.h */ = {isa = PBXFileReference; fileEncoding = 4; lastKnownFileType = sourcecode.c.h; path = datastructureonfile.h; sourceTree = "<group>"; };
		632538772502F8C200E88412 /* hash_set_includer.h */ = {isa = PBXFileReference; fileEncoding = 4; lastKnownFileType = sourcecode.c.h; path = hash_set_includer.h; sourceTree = "<group>"; };
		632538782502F8C300E88412 /* bitvector.h */ = {isa = PBXFileReference; fileEncoding = 4; lastKnownFileType = sourcecode.c.h; path = bitvector.h; sourceTree = "<group>"; };
		632538792502F8C300E88412 /* win32util.cpp */ = {isa = PBXFileReference; fileEncoding = 4; lastKnownFileType = sourcecode.cpp.cpp; path = win32util.cpp; sourceTree = "<group>"; };
		6325387A2502F8C300E88412 /* hash_map_includer.h */ = {isa = PBXFileReference; fileEncoding = 4; lastKnownFileType = sourcecode.c.h; path = hash_map_includer.h; sourceTree = "<group>"; };
		6325387B2502F8C300E88412 /* unportable.cpp */ = {isa = PBXFileReference; fileEncoding = 4; lastKnownFileType = sourcecode.cpp.cpp; path = unportable.cpp; sourceTree = "<group>"; };
		6325387C2502F8C300E88412 /* argvbuilder.h */ = {isa = PBXFileReference; fileEncoding = 4; lastKnownFileType = sourcecode.c.h; path = argvbuilder.h; sourceTree = "<group>"; };
		6325387D2502F8C300E88412 /* filestructwrapper.h */ = {isa = PBXFileReference; fileEncoding = 4; lastKnownFileType = sourcecode.c.h; path = filestructwrapper.h; sourceTree = "<group>"; };
		6325387E2502F8C300E88412 /* utf8support.cpp */ = {isa = PBXFileReference; fileEncoding = 4; lastKnownFileType = sourcecode.cpp.cpp; path = utf8support.cpp; sourceTree = "<group>"; };
		6325387F2502F8C300E88412 /* base64encoder.h */ = {isa = PBXFileReference; fileEncoding = 4; lastKnownFileType = sourcecode.c.h; path = base64encoder.h; sourceTree = "<group>"; };
		632538802502F8C300E88412 /* win32util.h */ = {isa = PBXFileReference; fileEncoding = 4; lastKnownFileType = sourcecode.c.h; path = win32util.h; sourceTree = "<group>"; };
		632538812502F8C300E88412 /* allocaarray.h */ = {isa = PBXFileReference; fileEncoding = 4; lastKnownFileType = sourcecode.c.h; path = allocaarray.h; sourceTree = "<group>"; };
		632538822502F8C300E88412 /* win32streamhandle.h */ = {isa = PBXFileReference; fileEncoding = 4; lastKnownFileType = sourcecode.c.h; path = win32streamhandle.h; sourceTree = "<group>"; };
		632538832502F8C300E88412 /* ffuncrenamer.h */ = {isa = PBXFileReference; fileEncoding = 4; lastKnownFileType = sourcecode.c.h; path = ffuncrenamer.h; sourceTree = "<group>"; };
		632538842502F8C300E88412 /* utf8support.h */ = {isa = PBXFileReference; fileEncoding = 4; lastKnownFileType = sourcecode.c.h; path = utf8support.h; sourceTree = "<group>"; };
		632538852502F8C300E88412 /* unportable.h */ = {isa = PBXFileReference; fileEncoding = 4; lastKnownFileType = sourcecode.c.h; path = unportable.h; sourceTree = "<group>"; };
		632538862502F8C300E88412 /* base64encoder.cpp */ = {isa = PBXFileReference; fileEncoding = 4; lastKnownFileType = sourcecode.cpp.cpp; path = base64encoder.cpp; sourceTree = "<group>"; };
		632538932503358F00E88412 /* picosel */ = {isa = PBXFileReference; explicitFileType = "compiled.mach-o.executable"; includeInIndex = 0; path = picosel; sourceTree = BUILT_PRODUCTS_DIR; };
		6325389C2503361800E88412 /* picosel.cpp */ = {isa = PBXFileReference; fileEncoding = 4; lastKnownFileType = sourcecode.cpp.cpp; path = picosel.cpp; sourceTree = "<group>"; };
		632538A4250337FB00E88412 /* ccfx */ = {isa = PBXFileReference; explicitFileType = "compiled.mach-o.executable"; includeInIndex = 0; path = ccfx; sourceTree = BUILT_PRODUCTS_DIR; };
		632538AF2503381600E88412 /* preprocessorinvoker.h */ = {isa = PBXFileReference; fileEncoding = 4; lastKnownFileType = sourcecode.c.h; path = preprocessorinvoker.h; sourceTree = "<group>"; };
		632538B02503381600E88412 /* prettyprintmain.h */ = {isa = PBXFileReference; fileEncoding = 4; lastKnownFileType = sourcecode.c.h; path = prettyprintmain.h; sourceTree = "<group>"; };
		632538B12503381600E88412 /* ccfx_prep_scripts.ini */ = {isa = PBXFileReference; fileEncoding = 4; lastKnownFileType = text; name = ccfx_prep_scripts.ini; path = macos64/ccfx_prep_scripts.ini; sourceTree = "<group>"; };
		632538B22503381600E88412 /* ccfxconstants.cpp */ = {isa = PBXFileReference; fileEncoding = 4; lastKnownFileType = sourcecode.cpp.cpp; path = ccfxconstants.cpp; sourceTree = "<group>"; };
		632538B32503381600E88412 /* ccfxcommon.h */ = {isa = PBXFileReference; fileEncoding = 4; lastKnownFileType = sourcecode.c.h; path = ccfxcommon.h; sourceTree = "<group>"; };
		632538B42503381600E88412 /* ccfx.cpp */ = {isa = PBXFileReference; fileEncoding = 4; lastKnownFileType = sourcecode.cpp.cpp; path = ccfx.cpp; sourceTree = "<group>"; };
		632538B52503381600E88412 /* ccfxcommon.cpp */ = {isa = PBXFileReference; fileEncoding = 4; lastKnownFileType = sourcecode.cpp.cpp; path = ccfxcommon.cpp; sourceTree = "<group>"; };
		632538B82503381600E88412 /* clonedataassembler.h */ = {isa = PBXFileReference; fileEncoding = 4; lastKnownFileType = sourcecode.c.h; path = clonedataassembler.h; sourceTree = "<group>"; };
		632538B92503381600E88412 /* rawclonepairdata.h */ = {isa = PBXFileReference; fileEncoding = 4; lastKnownFileType = sourcecode.c.h; path = rawclonepairdata.h; sourceTree = "<group>"; };
		632538BB2503381600E88412 /* metricmain.h */ = {isa = PBXFileReference; fileEncoding = 4; lastKnownFileType = sourcecode.c.h; path = metricmain.h; sourceTree = "<group>"; };
		632538BC2503381600E88412 /* transformermain.h */ = {isa = PBXFileReference; fileEncoding = 4; lastKnownFileType = sourcecode.c.h; path = transformermain.h; sourceTree = "<group>"; };
		632538BD2503381600E88412 /* ccfxconstants.h */ = {isa = PBXFileReference; fileEncoding = 4; lastKnownFileType = sourcecode.c.h; path = ccfxconstants.h; sourceTree = "<group>"; };
		632538BE2503381600E88412 /* resource.h */ = {isa = PBXFileReference; fileEncoding = 4; lastKnownFileType = sourcecode.c.h; path = resource.h; sourceTree = "<group>"; };
		632538C02503381600E88412 /* CCFinderXLib.cpp */ = {isa = PBXFileReference; fileEncoding = 4; lastKnownFileType = sourcecode.cpp.cpp; path = CCFinderXLib.cpp; sourceTree = "<group>"; };
		632538C32503381600E88412 /* rawclonepairdata.cpp */ = {isa = PBXFileReference; fileEncoding = 4; lastKnownFileType = sourcecode.cpp.cpp; path = rawclonepairdata.cpp; sourceTree = "<group>"; };
		632538C42503381600E88412 /* findfilemain.h */ = {isa = PBXFileReference; fileEncoding = 4; lastKnownFileType = sourcecode.c.h; path = findfilemain.h; sourceTree = "<group>"; };
		632538C52503381600E88412 /* shapedfragmentcalculator.h */ = {isa = PBXFileReference; fileEncoding = 4; lastKnownFileType = sourcecode.c.h; path = shapedfragmentcalculator.h; sourceTree = "<group>"; };
		632538C62503381600E88412 /* prettyprintermain.cpp */ = {isa = PBXFileReference; fileEncoding = 4; lastKnownFileType = sourcecode.cpp.cpp; path = prettyprintermain.cpp; sourceTree = "<group>"; };
		632538C72503381600E88412 /* filteringmain.h */ = {isa = PBXFileReference; fileEncoding = 4; lastKnownFileType = sourcecode.c.h; path = filteringmain.h; sourceTree = "<group>"; };
		632538EF25033C5000E88412 /* win32getshortname.py */ = {isa = PBXFileReference; fileEncoding = 4; lastKnownFileType = text.script.python; path = win32getshortname.py; sourceTree = "<group>"; };
		632538F025033C5000E88412 /* moduleloadutility.py */ = {isa = PBXFileReference; fileEncoding = 4; lastKnownFileType = text.script.python; path = moduleloadutility.py; sourceTree = "<group>"; };
		632538F225033C5000E88412 /* java.py */ = {isa = PBXFileReference; fileEncoding = 4; lastKnownFileType = text.script.python; path = java.py; sourceTree = "<group>"; };
		632538F325033C5000E88412 /* cobol.py */ = {isa = PBXFileReference; fileEncoding = 4; lastKnownFileType = text.script.python; path = cobol.py; sourceTree = "<group>"; };
		632538F425033C5000E88412 /* plaintext.py */ = {isa = PBXFileReference; fileEncoding = 4; lastKnownFileType = text.script.python; path = plaintext.py; sourceTree = "<group>"; };
		632538F525033C5000E88412 /* __init__.py */ = {isa = PBXFileReference; fileEncoding = 4; lastKnownFileType = text.script.python; path = __init__.py; sourceTree = "<group>"; };
		632538F625033C5000E88412 /* preprocessor.py */ = {isa = PBXFileReference; fileEncoding = 4; lastKnownFileType = text.script.python; path = preprocessor.py; sourceTree = "<group>"; };
		632538F725033C5000E88412 /* cpp.py */ = {isa = PBXFileReference; fileEncoding = 4; lastKnownFileType = text.script.python; path = cpp.py; sourceTree = "<group>"; };
		632538F825033C5000E88412 /* csharp.py */ = {isa = PBXFileReference; fileEncoding = 4; lastKnownFileType = text.script.python; path = csharp.py; sourceTree = "<group>"; };
		632538F925033C5000E88412 /* visualbasic.py */ = {isa = PBXFileReference; fileEncoding = 4; lastKnownFileType = text.script.python; path = visualbasic.py; sourceTree = "<group>"; };
		632538FA25033C5000E88412 /* easytorq_helper.py */ = {isa = PBXFileReference; fileEncoding = 4; lastKnownFileType = text.script.python; path = easytorq_helper.py; sourceTree = "<group>"; };
		632538FB25033C5000E88412 /* threadingutil.py */ = {isa = PBXFileReference; fileEncoding = 4; lastKnownFileType = text.script.python; path = threadingutil.py; sourceTree = "<group>"; };
		632538FC25033C5000E88412 /* preprocess.py */ = {isa = PBXFileReference; fileEncoding = 4; lastKnownFileType = text.script.python; path = preprocess.py; sourceTree = "<group>"; };
		632538FD25033C5000E88412 /* testthreadingutil.py */ = {isa = PBXFileReference; fileEncoding = 4; lastKnownFileType = text.script.python; path = testthreadingutil.py; sourceTree = "<group>"; };
		632538FE25033C5000E88412 /* utility.py */ = {isa = PBXFileReference; fileEncoding = 4; lastKnownFileType = text.script.python; path = utility.py; sourceTree = "<group>"; };
		632538FF25033C5000E88412 /* prescreening.py */ = {isa = PBXFileReference; fileEncoding = 4; lastKnownFileType = text.script.python; path = prescreening.py; sourceTree = "<group>"; };
		6325390025033C5000E88412 /* pythonversionchecker.py */ = {isa = PBXFileReference; fileEncoding = 4; lastKnownFileType = text.script.python; path = pythonversionchecker.py; sourceTree = "<group>"; };
		6325390125033C5000E88412 /* ccfxconfig.py */ = {isa = PBXFileReference; fileEncoding = 4; lastKnownFileType = text.script.python; path = ccfxconfig.py; sourceTree = "<group>"; };
		6325391A2503412500E88412 /* dtfind.cpp */ = {isa = PBXFileReference; fileEncoding = 4; lastKnownFileType = sourcecode.cpp.cpp; path = dtfind.cpp; sourceTree = "<group>"; };
		6325391B2503412500E88412 /* newengine.cpp */ = {isa = PBXFileReference; fileEncoding = 4; lastKnownFileType = sourcecode.cpp.cpp; path = newengine.cpp; sourceTree = "<group>"; };
		6325391D2503412500E88412 /* clonedetector.h */ = {isa = PBXFileReference; fileEncoding = 4; lastKnownFileType = sourcecode.c.h; path = clonedetector.h; sourceTree = "<group>"; };
		632539232503429B00E88412 /* threadqueue.h */ = {isa = PBXFileReference; fileEncoding = 4; lastKnownFileType = sourcecode.c.h; path = threadqueue.h; sourceTree = "<group>"; };
		632539242503429B00E88412 /* threadqueuetest.cpp */ = {isa = PBXFileReference; fileEncoding = 4; lastKnownFileType = sourcecode.cpp.cpp; path = threadqueuetest.cpp; sourceTree = "<group>"; };
		63253943250356FF00E88412 /* lib_CCFinderXLib.dylib */ = {isa = PBXFileReference; explicitFileType = "compiled.mach-o.dylib"; includeInIndex = 0; path = lib_CCFinderXLib.dylib; sourceTree = BUILT_PRODUCTS_DIR; };
		63253954250448D900E88412 /* gemxlib.jar */ = {isa = PBXFileReference; lastKnownFileType = archive.jar; path = gemxlib.jar; sourceTree = "<group>"; };
		63253955250448D900E88412 /* gemx.sh */ = {isa = PBXFileReference; fileEncoding = 4; lastKnownFileType = text.script.sh; path = gemx.sh; sourceTree = "<group>"; };
		63253957250448D900E88412 /* pathjson.jar */ = {isa = PBXFileReference; lastKnownFileType = archive.jar; path = pathjson.jar; sourceTree = "<group>"; };
		63253959250448D900E88412 /* swt.jar */ = {isa = PBXFileReference; lastKnownFileType = archive.jar; path = swt.jar; sourceTree = "<group>"; };
		6325395A250448D900E88412 /* trove-2.0.4.jar */ = {isa = PBXFileReference; lastKnownFileType = archive.jar; path = "trove-2.0.4.jar"; sourceTree = "<group>"; };
		6325396E25044AC300E88412 /* GemXMain.class */ = {isa = PBXFileReference; lastKnownFileType = compiled.javaclass; path = GemXMain.class; sourceTree = "<group>"; };
		6325397925044BDC00E88412 /* utility_Picosel.h */ = {isa = PBXFileReference; fileEncoding = 4; lastKnownFileType = sourcecode.c.h; name = utility_Picosel.h; path = GemX/utility_Picosel.h; sourceTree = "<group>"; };
		6325398225044BDC00E88412 /* icu4j-charsets-4_0_1.jar */ = {isa = PBXFileReference; lastKnownFileType = archive.jar; path = "icu4j-charsets-4_0_1.jar"; sourceTree = "<group>"; };
		63253DA825044BE200E88412 /* utility_Decoder.h */ = {isa = PBXFileReference; fileEncoding = 4; lastKnownFileType = sourcecode.c.h; name = utility_Decoder.h; path = GemX/utility_Decoder.h; sourceTree = "<group>"; };
		63253DB925044BE200E88412 /* ccfinderx_CCFinderX.h */ = {isa = PBXFileReference; fileEncoding = 4; lastKnownFileType = sourcecode.c.h; name = ccfinderx_CCFinderX.h; path = GemX/ccfinderx_CCFinderX.h; sourceTree = "<group>"; };
		63253DC125044BE200E88412 /* icu4j-4_0_1.jar */ = {isa = PBXFileReference; lastKnownFileType = archive.jar; path = "icu4j-4_0_1.jar"; sourceTree = "<group>"; };
		63253DC225044BE200E88412 /* icu4j-localespi-4_0_1.jar */ = {isa = PBXFileReference; lastKnownFileType = archive.jar; path = "icu4j-localespi-4_0_1.jar"; sourceTree = "<group>"; };
		63253DC325044BE200E88412 /* colors.json */ = {isa = PBXFileReference; fileEncoding = 4; lastKnownFileType = text.json; path = colors.json; sourceTree = "<group>"; };
/* End PBXFileReference section */

/* Begin PBXFrameworksBuildPhase section */
		632538672502F61F00E88412 /* Frameworks */ = {
			isa = PBXFrameworksBuildPhase;
			buildActionMask = 2147483647;
			files = (
			);
			runOnlyForDeploymentPostprocessing = 0;
		};
		632538902503358F00E88412 /* Frameworks */ = {
			isa = PBXFrameworksBuildPhase;
			buildActionMask = 2147483647;
			files = (
			);
			runOnlyForDeploymentPostprocessing = 0;
		};
		632538A1250337FB00E88412 /* Frameworks */ = {
			isa = PBXFrameworksBuildPhase;
			buildActionMask = 2147483647;
			files = (
			);
			runOnlyForDeploymentPostprocessing = 0;
		};
		63253941250356FF00E88412 /* Frameworks */ = {
			isa = PBXFrameworksBuildPhase;
			buildActionMask = 2147483647;
			files = (
				63253E2325044BE300E88412 /* icu4j-localespi-4_0_1.jar in Frameworks */,
				63253DE525044BE200E88412 /* icu4j-charsets-4_0_1.jar in Frameworks */,
				63253E2225044BE300E88412 /* icu4j-4_0_1.jar in Frameworks */,
			);
			runOnlyForDeploymentPostprocessing = 0;
		};
/* End PBXFrameworksBuildPhase section */

/* Begin PBXGroup section */
		6304783C2502F3A300E8BDB3 = {
			isa = PBXGroup;
			children = (
				632538D725033A2200E88412 /* Resources */,
				632538432502F52900E88412 /* Sources */,
				630478462502F3A300E8BDB3 /* Products */,
				632539362503524400E88412 /* Frameworks */,
			);
			sourceTree = "<group>";
		};
		630478462502F3A300E8BDB3 /* Products */ = {
			isa = PBXGroup;
			children = (
				632538692502F61F00E88412 /* easytorq.so */,
				632538932503358F00E88412 /* picosel */,
				632538A4250337FB00E88412 /* ccfx */,
				63253943250356FF00E88412 /* lib_CCFinderXLib.dylib */,
			);
			name = Products;
			sourceTree = "<group>";
		};
		632538432502F52900E88412 /* Sources */ = {
			isa = PBXGroup;
			children = (
				63253E4025044C8400E88412 /* GemX */,
				632539222503429B00E88412 /* threadqueue */,
				632539162503412500E88412 /* newengine */,
				632538AB2503381600E88412 /* ccfx */,
				6325389A2503361800E88412 /* picosel */,
				632538722502F8C200E88412 /* common */,
				632538442502F5D000E88412 /* torq */,
			);
			name = Sources;
			sourceTree = "<group>";
		};
		632538442502F5D000E88412 /* torq */ = {
			isa = PBXGroup;
			children = (
				632538452502F5D000E88412 /* torqparser.h */,
				632538462502F5D000E88412 /* texttoken.cpp */,
				632538472502F5D000E88412 /* interpreter.cpp */,
				632538482502F5D000E88412 /* specialchars.h */,
				6325384A2502F5D000E88412 /* texttoken.h */,
				6325384B2502F5D000E88412 /* torqcommon.cpp */,
				6325384C2502F5D000E88412 /* torqdll.h */,
				6325384E2502F5D000E88412 /* interpreter.h */,
				6325384F2502F5D000E88412 /* torq.cpp */,
				632538522502F5D000E88412 /* torqtokenizer.h */,
				632538532502F5D000E88412 /* easytorq */,
				632538582502F5D000E88412 /* torqcommon.h */,
				6325385B2502F5D000E88412 /* pyeasytorq */,
			);
			path = torq;
			sourceTree = "<group>";
		};
		632538532502F5D000E88412 /* easytorq */ = {
			isa = PBXGroup;
			children = (
				632538562502F5D000E88412 /* easytorq.cpp */,
				632538572502F5D000E88412 /* easytorq.h */,
			);
			path = easytorq;
			sourceTree = "<group>";
		};
		6325385B2502F5D000E88412 /* pyeasytorq */ = {
			isa = PBXGroup;
			children = (
				6325385D2502F5D000E88412 /* pyeasytorq.cpp */,
			);
			path = pyeasytorq;
			sourceTree = "<group>";
		};
		632538722502F8C200E88412 /* common */ = {
			isa = PBXGroup;
			children = (
				632538732502F8C200E88412 /* specialstringmap.h */,
				632538742502F8C200E88412 /* bitcounttable.h */,
				632538752502F8C200E88412 /* bitvector.cpp */,
				632538762502F8C200E88412 /* datastructureonfile.h */,
				632538772502F8C200E88412 /* hash_set_includer.h */,
				632538782502F8C300E88412 /* bitvector.h */,
				632538792502F8C300E88412 /* win32util.cpp */,
				6325387A2502F8C300E88412 /* hash_map_includer.h */,
				6325387B2502F8C300E88412 /* unportable.cpp */,
				6325387C2502F8C300E88412 /* argvbuilder.h */,
				6325387D2502F8C300E88412 /* filestructwrapper.h */,
				6325387E2502F8C300E88412 /* utf8support.cpp */,
				6325387F2502F8C300E88412 /* base64encoder.h */,
				632538802502F8C300E88412 /* win32util.h */,
				632538812502F8C300E88412 /* allocaarray.h */,
				632538822502F8C300E88412 /* win32streamhandle.h */,
				632538832502F8C300E88412 /* ffuncrenamer.h */,
				632538842502F8C300E88412 /* utf8support.h */,
				632538852502F8C300E88412 /* unportable.h */,
				632538862502F8C300E88412 /* base64encoder.cpp */,
			);
			path = common;
			sourceTree = "<group>";
		};
		6325389A2503361800E88412 /* picosel */ = {
			isa = PBXGroup;
			children = (
				6325389C2503361800E88412 /* picosel.cpp */,
			);
			path = picosel;
			sourceTree = "<group>";
		};
		632538AB2503381600E88412 /* ccfx */ = {
			isa = PBXGroup;
			children = (
				632538AF2503381600E88412 /* preprocessorinvoker.h */,
				632538B02503381600E88412 /* prettyprintmain.h */,
				632538B22503381600E88412 /* ccfxconstants.cpp */,
				632538B32503381600E88412 /* ccfxcommon.h */,
				632538B42503381600E88412 /* ccfx.cpp */,
				632538B52503381600E88412 /* ccfxcommon.cpp */,
				632538B82503381600E88412 /* clonedataassembler.h */,
				632538B92503381600E88412 /* rawclonepairdata.h */,
				632538BB2503381600E88412 /* metricmain.h */,
				632538BC2503381600E88412 /* transformermain.h */,
				632538BD2503381600E88412 /* ccfxconstants.h */,
				632538BE2503381600E88412 /* resource.h */,
				632538BF2503381600E88412 /* CCFinderXLib */,
				632538C32503381600E88412 /* rawclonepairdata.cpp */,
				632538C42503381600E88412 /* findfilemain.h */,
				632538C52503381600E88412 /* shapedfragmentcalculator.h */,
				632538C62503381600E88412 /* prettyprintermain.cpp */,
				632538C72503381600E88412 /* filteringmain.h */,
			);
			path = ccfx;
			sourceTree = "<group>";
		};
		632538BF2503381600E88412 /* CCFinderXLib */ = {
			isa = PBXGroup;
			children = (
				632538C02503381600E88412 /* CCFinderXLib.cpp */,
			);
			path = CCFinderXLib;
			sourceTree = "<group>";
		};
		632538D725033A2200E88412 /* Resources */ = {
			isa = PBXGroup;
			children = (
				6325397825044BDC00E88412 /* GemX */,
				63253951250448D900E88412 /* macos64 */,
				632538EE25033C5000E88412 /* scripts */,
				632538D825033A2D00E88412 /* ccfx */,
			);
			name = Resources;
			sourceTree = "<group>";
		};
		632538D825033A2D00E88412 /* ccfx */ = {
			isa = PBXGroup;
			children = (
				632538B12503381600E88412 /* ccfx_prep_scripts.ini */,
			);
			name = ccfx;
			sourceTree = "<group>";
		};
		632538EE25033C5000E88412 /* scripts */ = {
			isa = PBXGroup;
			children = (
				632538EF25033C5000E88412 /* win32getshortname.py */,
				632538F025033C5000E88412 /* moduleloadutility.py */,
				632538F125033C5000E88412 /* pp */,
				632538FA25033C5000E88412 /* easytorq_helper.py */,
				632538FB25033C5000E88412 /* threadingutil.py */,
				632538FC25033C5000E88412 /* preprocess.py */,
				632538FD25033C5000E88412 /* testthreadingutil.py */,
				632538FE25033C5000E88412 /* utility.py */,
				632538FF25033C5000E88412 /* prescreening.py */,
				6325390025033C5000E88412 /* pythonversionchecker.py */,
				6325390125033C5000E88412 /* ccfxconfig.py */,
			);
			name = scripts;
			path = win32/scripts;
			sourceTree = "<group>";
		};
		632538F125033C5000E88412 /* pp */ = {
			isa = PBXGroup;
			children = (
				632538F225033C5000E88412 /* java.py */,
				632538F325033C5000E88412 /* cobol.py */,
				632538F425033C5000E88412 /* plaintext.py */,
				632538F525033C5000E88412 /* __init__.py */,
				632538F625033C5000E88412 /* preprocessor.py */,
				632538F725033C5000E88412 /* cpp.py */,
				632538F825033C5000E88412 /* csharp.py */,
				632538F925033C5000E88412 /* visualbasic.py */,
			);
			path = pp;
			sourceTree = "<group>";
		};
		632539162503412500E88412 /* newengine */ = {
			isa = PBXGroup;
			children = (
				632539172503412500E88412 /* dtfind */,
				6325391B2503412500E88412 /* newengine.cpp */,
				6325391D2503412500E88412 /* clonedetector.h */,
			);
			path = newengine;
			sourceTree = "<group>";
		};
		632539172503412500E88412 /* dtfind */ = {
			isa = PBXGroup;
			children = (
				6325391A2503412500E88412 /* dtfind.cpp */,
			);
			path = dtfind;
			sourceTree = "<group>";
		};
		632539222503429B00E88412 /* threadqueue */ = {
			isa = PBXGroup;
			children = (
				632539232503429B00E88412 /* threadqueue.h */,
				632539242503429B00E88412 /* threadqueuetest.cpp */,
			);
			path = threadqueue;
			sourceTree = "<group>";
		};
		632539362503524400E88412 /* Frameworks */ = {
			isa = PBXGroup;
			children = (
			);
			name = Frameworks;
			sourceTree = "<group>";
		};
		63253951250448D900E88412 /* macos64 */ = {
			isa = PBXGroup;
			children = (
				63253954250448D900E88412 /* gemxlib.jar */,
				63253955250448D900E88412 /* gemx.sh */,
				63253957250448D900E88412 /* pathjson.jar */,
				63253959250448D900E88412 /* swt.jar */,
				6325396E25044AC300E88412 /* GemXMain.class */,
				6325395A250448D900E88412 /* trove-2.0.4.jar */,
			);
			path = macos64;
			sourceTree = "<group>";
		};
		6325397825044BDC00E88412 /* GemX */ = {
			isa = PBXGroup;
			children = (
				6325398225044BDC00E88412 /* icu4j-charsets-4_0_1.jar */,
				63253DC125044BE200E88412 /* icu4j-4_0_1.jar */,
				63253DC225044BE200E88412 /* icu4j-localespi-4_0_1.jar */,
				63253DC325044BE200E88412 /* colors.json */,
			);
			path = GemX;
			sourceTree = "<group>";
		};
		63253E4025044C8400E88412 /* GemX */ = {
			isa = PBXGroup;
			children = (
				6325397925044BDC00E88412 /* utility_Picosel.h */,
				63253DA825044BE200E88412 /* utility_Decoder.h */,
				63253DB925044BE200E88412 /* ccfinderx_CCFinderX.h */,
			);
			name = GemX;
			sourceTree = "<group>";
		};
/* End PBXGroup section */

/* Begin PBXHeadersBuildPhase section */
		632538652502F61F00E88412 /* Headers */ = {
			isa = PBXHeadersBuildPhase;
			buildActionMask = 2147483647;
			files = (
			);
			runOnlyForDeploymentPostprocessing = 0;
		};
		6325393F250356FF00E88412 /* Headers */ = {
			isa = PBXHeadersBuildPhase;
			buildActionMask = 2147483647;
			files = (
				63253E1C25044BE300E88412 /* ccfinderx_CCFinderX.h in Headers */,
				63253E0D25044BE300E88412 /* utility_Decoder.h in Headers */,
				63253DE225044BE200E88412 /* utility_Picosel.h in Headers */,
			);
			runOnlyForDeploymentPostprocessing = 0;
		};
/* End PBXHeadersBuildPhase section */

/* Begin PBXNativeTarget section */
		632538682502F61F00E88412 /* easytorq */ = {
			isa = PBXNativeTarget;
			buildConfigurationList = 6325386A2502F61F00E88412 /* Build configuration list for PBXNativeTarget "easytorq" */;
			buildPhases = (
				632538652502F61F00E88412 /* Headers */,
				632538662502F61F00E88412 /* Sources */,
				632538672502F61F00E88412 /* Frameworks */,
			);
			buildRules = (
			);
			dependencies = (
			);
			name = easytorq;
			productName = easytorq;
			productReference = 632538692502F61F00E88412 /* easytorq.so */;
			productType = "com.apple.product-type.library.dynamic";
		};
		632538922503358F00E88412 /* picosel */ = {
			isa = PBXNativeTarget;
			buildConfigurationList = 632538972503358F00E88412 /* Build configuration list for PBXNativeTarget "picosel" */;
			buildPhases = (
				6325388F2503358F00E88412 /* Sources */,
				632538902503358F00E88412 /* Frameworks */,
				632538912503358F00E88412 /* CopyFiles */,
			);
			buildRules = (
			);
			dependencies = (
			);
			name = picosel;
			productName = picosel;
			productReference = 632538932503358F00E88412 /* picosel */;
			productType = "com.apple.product-type.tool";
		};
		632538A3250337FB00E88412 /* ccfx */ = {
			isa = PBXNativeTarget;
			buildConfigurationList = 632538A8250337FB00E88412 /* Build configuration list for PBXNativeTarget "ccfx" */;
			buildPhases = (
				632538A0250337FB00E88412 /* Sources */,
				632538A1250337FB00E88412 /* Frameworks */,
				632538A2250337FB00E88412 /* CopyFiles */,
				6325390225033CAC00E88412 /* CopyFiles */,
				6325390D25033CEC00E88412 /* CopyFiles */,
			);
			buildRules = (
			);
			dependencies = (
				632538D52503394600E88412 /* PBXTargetDependency */,
			);
			name = ccfx;
			productName = ccfx;
			productReference = 632538A4250337FB00E88412 /* ccfx */;
			productType = "com.apple.product-type.tool";
		};
		63253942250356FF00E88412 /* CCFinderXLib */ = {
			isa = PBXNativeTarget;
			buildConfigurationList = 63253944250356FF00E88412 /* Build configuration list for PBXNativeTarget "CCFinderXLib" */;
			buildPhases = (
				6325393F250356FF00E88412 /* Headers */,
				63253940250356FF00E88412 /* Sources */,
				63253941250356FF00E88412 /* Frameworks */,
				63253960250449A700E88412 /* Copy Files (5 items) */,
			);
			buildRules = (
			);
			dependencies = (
				6325394E2503585A00E88412 /* PBXTargetDependency */,
			);
			name = CCFinderXLib;
			productName = CCFinderXLib;
			productReference = 63253943250356FF00E88412 /* lib_CCFinderXLib.dylib */;
			productType = "com.apple.product-type.library.dynamic";
		};
/* End PBXNativeTarget section */

/* Begin PBXProject section */
		6304783D2502F3A300E8BDB3 /* Project object */ = {
			isa = PBXProject;
			attributes = {
				LastUpgradeCheck = 1170;
				ORGANIZATIONNAME = TaniguchiFamily.com;
				TargetAttributes = {
					632538682502F61F00E88412 = {
						CreatedOnToolsVersion = 11.7;
					};
					632538922503358F00E88412 = {
						CreatedOnToolsVersion = 11.7;
					};
					632538A3250337FB00E88412 = {
						CreatedOnToolsVersion = 11.7;
					};
					63253942250356FF00E88412 = {
						CreatedOnToolsVersion = 11.7;
					};
				};
			};
			buildConfigurationList = 630478402502F3A300E8BDB3 /* Build configuration list for PBXProject "ccfx-macos" */;
			compatibilityVersion = "Xcode 9.3";
			developmentRegion = en;
			hasScannedForEncodings = 0;
			knownRegions = (
				en,
				Base,
			);
			mainGroup = 6304783C2502F3A300E8BDB3;
			productRefGroup = 630478462502F3A300E8BDB3 /* Products */;
			projectDirPath = "";
			projectRoot = "";
			targets = (
				632538682502F61F00E88412 /* easytorq */,
				632538922503358F00E88412 /* picosel */,
				632538A3250337FB00E88412 /* ccfx */,
				63253942250356FF00E88412 /* CCFinderXLib */,
			);
		};
/* End PBXProject section */

/* Begin PBXSourcesBuildPhase section */
		632538662502F61F00E88412 /* Sources */ = {
			isa = PBXSourcesBuildPhase;
			buildActionMask = 2147483647;
			files = (
				6325394F2504444300E88412 /* pyeasytorq.cpp in Sources */,
				6325388D2502F8D400E88412 /* utf8support.cpp in Sources */,
				6325388C2502F8CD00E88412 /* unportable.cpp in Sources */,
				632538712502F8A700E88412 /* torqcommon.cpp in Sources */,
				632538702502F89E00E88412 /* texttoken.cpp in Sources */,
				6325386F2502F89200E88412 /* interpreter.cpp in Sources */,
				6325386E2502F87A00E88412 /* easytorq.cpp in Sources */,
			);
			runOnlyForDeploymentPostprocessing = 0;
		};
		6325388F2503358F00E88412 /* Sources */ = {
			isa = PBXSourcesBuildPhase;
			buildActionMask = 2147483647;
			files = (
				6325389F2503364300E88412 /* unportable.cpp in Sources */,
				6325389E2503361800E88412 /* picosel.cpp in Sources */,
			);
			runOnlyForDeploymentPostprocessing = 0;
		};
		632538A0250337FB00E88412 /* Sources */ = {
			isa = PBXSourcesBuildPhase;
			buildActionMask = 2147483647;
			files = (
				632538D32503393200E88412 /* utf8support.cpp in Sources */,
				632538D22503392A00E88412 /* unportable.cpp in Sources */,
				632538D12503391A00E88412 /* ccfxconstants.cpp in Sources */,
				632538D02503390100E88412 /* bitvector.cpp in Sources */,
				632538CF250338F200E88412 /* base64encoder.cpp in Sources */,
				632538CB2503381600E88412 /* ccfxcommon.cpp in Sources */,
				632538CD2503381600E88412 /* rawclonepairdata.cpp in Sources */,
				632538CE2503381600E88412 /* prettyprintermain.cpp in Sources */,
				632538CA2503381600E88412 /* ccfx.cpp in Sources */,
			);
			runOnlyForDeploymentPostprocessing = 0;
		};
		63253940250356FF00E88412 /* Sources */ = {
			isa = PBXSourcesBuildPhase;
			buildActionMask = 2147483647;
			files = (
				6325396625044A0100E88412 /* CCFinderXLib.cpp in Sources */,
				6325394C2503584E00E88412 /* ccfxconstants.cpp in Sources */,
				6325394B2503583F00E88412 /* ccfxcommon.cpp in Sources */,
				6325394A2503583400E88412 /* utf8support.cpp in Sources */,
				632539492503582200E88412 /* base64encoder.cpp in Sources */,
				632539482503580800E88412 /* unportable.cpp in Sources */,
			);
			runOnlyForDeploymentPostprocessing = 0;
		};
/* End PBXSourcesBuildPhase section */

/* Begin PBXTargetDependency section */
		632538D52503394600E88412 /* PBXTargetDependency */ = {
			isa = PBXTargetDependency;
			target = 632538682502F61F00E88412 /* easytorq */;
			targetProxy = 632538D42503394600E88412 /* PBXContainerItemProxy */;
		};
		6325394E2503585A00E88412 /* PBXTargetDependency */ = {
			isa = PBXTargetDependency;
			target = 632538A3250337FB00E88412 /* ccfx */;
			targetProxy = 6325394D2503585A00E88412 /* PBXContainerItemProxy */;
		};
/* End PBXTargetDependency section */

/* Begin XCBuildConfiguration section */
		6304784A2502F3A300E8BDB3 /* Debug */ = {
			isa = XCBuildConfiguration;
			buildSettings = {
				ALWAYS_SEARCH_USER_PATHS = NO;
				CLANG_ANALYZER_NONNULL = YES;
				CLANG_ANALYZER_NUMBER_OBJECT_CONVERSION = YES_AGGRESSIVE;
				CLANG_CXX_LANGUAGE_STANDARD = "c++0x";
				CLANG_ENABLE_MODULES = YES;
				CLANG_ENABLE_OBJC_ARC = YES;
				CLANG_ENABLE_OBJC_WEAK = YES;
				CLANG_WARN_BLOCK_CAPTURE_AUTORELEASING = YES;
				CLANG_WARN_BOOL_CONVERSION = YES;
				CLANG_WARN_COMMA = YES;
				CLANG_WARN_CONSTANT_CONVERSION = YES;
				CLANG_WARN_DEPRECATED_OBJC_IMPLEMENTATIONS = YES;
				CLANG_WARN_DIRECT_OBJC_ISA_USAGE = YES_ERROR;
				CLANG_WARN_DOCUMENTATION_COMMENTS = YES;
				CLANG_WARN_EMPTY_BODY = YES;
				CLANG_WARN_ENUM_CONVERSION = YES;
				CLANG_WARN_INFINITE_RECURSION = YES;
				CLANG_WARN_INT_CONVERSION = YES;
				CLANG_WARN_NON_LITERAL_NULL_CONVERSION = YES;
				CLANG_WARN_OBJC_IMPLICIT_RETAIN_SELF = YES;
				CLANG_WARN_OBJC_LITERAL_CONVERSION = YES;
				CLANG_WARN_OBJC_ROOT_CLASS = YES_ERROR;
				CLANG_WARN_RANGE_LOOP_ANALYSIS = YES;
				CLANG_WARN_STRICT_PROTOTYPES = YES;
				CLANG_WARN_SUSPICIOUS_MOVE = YES;
				CLANG_WARN_UNGUARDED_AVAILABILITY = YES_AGGRESSIVE;
				CLANG_WARN_UNREACHABLE_CODE = YES;
				CLANG_WARN__DUPLICATE_METHOD_MATCH = YES;
				COPY_PHASE_STRIP = NO;
				DEBUG_INFORMATION_FORMAT = dwarf;
				ENABLE_STRICT_OBJC_MSGSEND = YES;
				ENABLE_TESTABILITY = YES;
				GCC_C_LANGUAGE_STANDARD = gnu11;
				GCC_DYNAMIC_NO_PIC = NO;
				GCC_NO_COMMON_BLOCKS = YES;
				GCC_OPTIMIZATION_LEVEL = 0;
				GCC_PREPROCESSOR_DEFINITIONS = (
					"DEBUG=1",
					"$(inherited)",
				);
				GCC_WARN_64_TO_32_BIT_CONVERSION = YES;
				GCC_WARN_ABOUT_RETURN_TYPE = YES_ERROR;
				GCC_WARN_UNDECLARED_SELECTOR = YES;
				GCC_WARN_UNINITIALIZED_AUTOS = YES_AGGRESSIVE;
				GCC_WARN_UNUSED_FUNCTION = YES;
				GCC_WARN_UNUSED_VARIABLE = YES;
				HEADER_SEARCH_PATHS = (
					/usr/local/include,
					/usr/local/opt/icu4c/include,
				);
				LIBRARY_SEARCH_PATHS = (
					/usr/local/lib,
					/usr/local/opt/icu4c/lib,
				);
				MACOSX_DEPLOYMENT_TARGET = 10.14;
				MTL_ENABLE_DEBUG_INFO = INCLUDE_SOURCE;
				MTL_FAST_MATH = YES;
				ONLY_ACTIVE_ARCH = YES;
				OTHER_CPLUSPLUSFLAGS = (
					"-DOS_MACOS",
					"-DLITTLE_ENDIAN",
					"-DCXLM_NO_ENC",
					"-DCODE_CONVERSION_SUPPORT",
					"-DWSTRING_CONVERSION_SUPPORT",
					"-DREQUIRE_RNR",
					"$(OTHER_CFLAGS)",
				);
				SDKROOT = macosx;
			};
			name = Debug;
		};
		6304784B2502F3A300E8BDB3 /* Release */ = {
			isa = XCBuildConfiguration;
			buildSettings = {
				ALWAYS_SEARCH_USER_PATHS = NO;
				CLANG_ANALYZER_NONNULL = YES;
				CLANG_ANALYZER_NUMBER_OBJECT_CONVERSION = YES_AGGRESSIVE;
				CLANG_CXX_LANGUAGE_STANDARD = "c++0x";
				CLANG_ENABLE_MODULES = YES;
				CLANG_ENABLE_OBJC_ARC = YES;
				CLANG_ENABLE_OBJC_WEAK = YES;
				CLANG_WARN_BLOCK_CAPTURE_AUTORELEASING = YES;
				CLANG_WARN_BOOL_CONVERSION = YES;
				CLANG_WARN_COMMA = YES;
				CLANG_WARN_CONSTANT_CONVERSION = YES;
				CLANG_WARN_DEPRECATED_OBJC_IMPLEMENTATIONS = YES;
				CLANG_WARN_DIRECT_OBJC_ISA_USAGE = YES_ERROR;
				CLANG_WARN_DOCUMENTATION_COMMENTS = YES;
				CLANG_WARN_EMPTY_BODY = YES;
				CLANG_WARN_ENUM_CONVERSION = YES;
				CLANG_WARN_INFINITE_RECURSION = YES;
				CLANG_WARN_INT_CONVERSION = YES;
				CLANG_WARN_NON_LITERAL_NULL_CONVERSION = YES;
				CLANG_WARN_OBJC_IMPLICIT_RETAIN_SELF = YES;
				CLANG_WARN_OBJC_LITERAL_CONVERSION = YES;
				CLANG_WARN_OBJC_ROOT_CLASS = YES_ERROR;
				CLANG_WARN_RANGE_LOOP_ANALYSIS = YES;
				CLANG_WARN_STRICT_PROTOTYPES = YES;
				CLANG_WARN_SUSPICIOUS_MOVE = YES;
				CLANG_WARN_UNGUARDED_AVAILABILITY = YES_AGGRESSIVE;
				CLANG_WARN_UNREACHABLE_CODE = YES;
				CLANG_WARN__DUPLICATE_METHOD_MATCH = YES;
				COPY_PHASE_STRIP = NO;
				DEBUG_INFORMATION_FORMAT = "dwarf-with-dsym";
				ENABLE_NS_ASSERTIONS = NO;
				ENABLE_STRICT_OBJC_MSGSEND = YES;
				GCC_C_LANGUAGE_STANDARD = gnu11;
				GCC_NO_COMMON_BLOCKS = YES;
				GCC_WARN_64_TO_32_BIT_CONVERSION = YES;
				GCC_WARN_ABOUT_RETURN_TYPE = YES_ERROR;
				GCC_WARN_UNDECLARED_SELECTOR = YES;
				GCC_WARN_UNINITIALIZED_AUTOS = YES_AGGRESSIVE;
				GCC_WARN_UNUSED_FUNCTION = YES;
				GCC_WARN_UNUSED_VARIABLE = YES;
				HEADER_SEARCH_PATHS = (
					/usr/local/include,
					/usr/local/opt/icu4c/include,
				);
				LIBRARY_SEARCH_PATHS = (
					/usr/local/lib,
					/usr/local/opt/icu4c/lib,
				);
				MACOSX_DEPLOYMENT_TARGET = 10.14;
				MTL_ENABLE_DEBUG_INFO = NO;
				MTL_FAST_MATH = YES;
				OTHER_CPLUSPLUSFLAGS = (
					"-DOS_MACOS",
					"-DLITTLE_ENDIAN",
					"-DCXLM_NO_ENC",
					"-DCODE_CONVERSION_SUPPORT",
					"-DWSTRING_CONVERSION_SUPPORT",
					"-DREQUIRE_RNR",
					"$(OTHER_CFLAGS)",
				);
				SDKROOT = macosx;
			};
			name = Release;
		};
		6325386B2502F61F00E88412 /* Debug */ = {
			isa = XCBuildConfiguration;
			buildSettings = {
				CODE_SIGN_STYLE = Automatic;
				DEVELOPMENT_TEAM = "";
				DYLIB_COMPATIBILITY_VERSION = 1;
				DYLIB_CURRENT_VERSION = 1;
				EXECUTABLE_EXTENSION = so;
				EXECUTABLE_PREFIX = "";
				HEADER_SEARCH_PATHS = (
					/usr/local/include,
					/usr/local/opt/icu4c/include,
					/System/Library/Frameworks/Python.framework/Versions/2.7/include/python2.7,
				);
				INSTALL_PATH = /usr/local/opt/CCFinderX/scripts;
				OTHER_LDFLAGS = (
					"/usr/local/lib/libboost_thread-mt.a",
					/usr/local/opt/icu4c/lib/libicuuc.a,
					/usr/local/opt/icu4c/lib/libicudata.a,
					"-lpython",
				);
				PRODUCT_NAME = "$(TARGET_NAME)";
			};
			name = Debug;
		};
		6325386C2502F61F00E88412 /* Release */ = {
			isa = XCBuildConfiguration;
			buildSettings = {
				CODE_SIGN_STYLE = Automatic;
				DEVELOPMENT_TEAM = "";
				DYLIB_COMPATIBILITY_VERSION = 1;
				DYLIB_CURRENT_VERSION = 1;
				EXECUTABLE_EXTENSION = so;
				EXECUTABLE_PREFIX = "";
				HEADER_SEARCH_PATHS = (
					/usr/local/include,
					/usr/local/opt/icu4c/include,
					/System/Library/Frameworks/Python.framework/Versions/2.7/include/python2.7,
				);
				INSTALL_PATH = /usr/local/opt/CCFinderX/scripts;
				OTHER_LDFLAGS = (
					"/usr/local/lib/libboost_thread-mt.a",
					/usr/local/opt/icu4c/lib/libicuuc.a,
					/usr/local/opt/icu4c/lib/libicudata.a,
					"-lpython",
				);
				PRODUCT_NAME = "$(TARGET_NAME)";
			};
			name = Release;
		};
		632538982503358F00E88412 /* Debug */ = {
			isa = XCBuildConfiguration;
			buildSettings = {
				CODE_SIGN_STYLE = Automatic;
				DEVELOPMENT_TEAM = "";
				ENABLE_HARDENED_RUNTIME = YES;
				INSTALL_PATH = /usr/local/opt/CCFinderX;
				PRODUCT_NAME = "$(TARGET_NAME)";
			};
			name = Debug;
		};
		632538992503358F00E88412 /* Release */ = {
			isa = XCBuildConfiguration;
			buildSettings = {
				CODE_SIGN_STYLE = Automatic;
				DEVELOPMENT_TEAM = "";
				ENABLE_HARDENED_RUNTIME = YES;
				INSTALL_PATH = /usr/local/opt/CCFinderX;
				PRODUCT_NAME = "$(TARGET_NAME)";
			};
			name = Release;
		};
		632538A9250337FB00E88412 /* Debug */ = {
			isa = XCBuildConfiguration;
			buildSettings = {
				CODE_SIGN_STYLE = Automatic;
				DEVELOPMENT_TEAM = "";
				ENABLE_HARDENED_RUNTIME = YES;
				INSTALL_PATH = /usr/local/opt/CCFinderX;
				LIBRARY_SEARCH_PATHS = (
					"$(inherited)",
					/usr/local/Cellar/icu4c/63.1/lib,
					/usr/local/Cellar/boost/1.69.0/lib,
				);
				OTHER_LDFLAGS = (
					"/usr/local/lib/libboost_thread-mt.a",
					/usr/local/opt/icu4c/lib/libicuuc.a,
					/usr/local/opt/icu4c/lib/libicudata.a,
				);
				PRODUCT_NAME = "$(TARGET_NAME)";
			};
			name = Debug;
		};
		632538AA250337FB00E88412 /* Release */ = {
			isa = XCBuildConfiguration;
			buildSettings = {
				CODE_SIGN_STYLE = Automatic;
				DEVELOPMENT_TEAM = "";
				ENABLE_HARDENED_RUNTIME = YES;
				INSTALL_PATH = /usr/local/opt/CCFinderX;
				LIBRARY_SEARCH_PATHS = (
					"$(inherited)",
					/usr/local/Cellar/icu4c/63.1/lib,
					/usr/local/Cellar/boost/1.69.0/lib,
				);
				OTHER_LDFLAGS = (
					"/usr/local/lib/libboost_thread-mt.a",
					/usr/local/opt/icu4c/lib/libicuuc.a,
					/usr/local/opt/icu4c/lib/libicudata.a,
				);
				PRODUCT_NAME = "$(TARGET_NAME)";
			};
			name = Release;
		};
		63253945250356FF00E88412 /* Debug */ = {
			isa = XCBuildConfiguration;
			buildSettings = {
				CODE_SIGN_STYLE = Automatic;
				DEVELOPMENT_TEAM = "";
				DYLIB_COMPATIBILITY_VERSION = 1;
				DYLIB_CURRENT_VERSION = 1;
				EXECUTABLE_PREFIX = lib_;
				HEADER_SEARCH_PATHS = (
					/usr/local/include,
					/usr/local/opt/icu4c/include,
					/Applications/Xcode.app/Contents/Developer/Platforms/MacOSX.platform/Developer/SDKs/MacOSX.sdk/System/Library/Frameworks/JavaVM.framework/Versions/A/Headers,
				);
				INSTALL_PATH = /usr/local/opt/CCFinderX;
				OTHER_LDFLAGS = (
					"/usr/local/lib/libboost_thread-mt.a",
					/usr/local/opt/icu4c/lib/libicuuc.a,
					/usr/local/opt/icu4c/lib/libicudata.a,
				);
				PRODUCT_NAME = "$(TARGET_NAME)";
			};
			name = Debug;
		};
		63253946250356FF00E88412 /* Release */ = {
			isa = XCBuildConfiguration;
			buildSettings = {
				CODE_SIGN_STYLE = Automatic;
				DEVELOPMENT_TEAM = "";
				DYLIB_COMPATIBILITY_VERSION = 1;
				DYLIB_CURRENT_VERSION = 1;
				EXECUTABLE_PREFIX = lib_;
				HEADER_SEARCH_PATHS = (
					/usr/local/include,
					/usr/local/opt/icu4c/include,
					/Applications/Xcode.app/Contents/Developer/Platforms/MacOSX.platform/Developer/SDKs/MacOSX.sdk/System/Library/Frameworks/JavaVM.framework/Versions/A/Headers,
				);
				INSTALL_PATH = /usr/local/opt/CCFinderX;
				OTHER_LDFLAGS = (
					"/usr/local/lib/libboost_thread-mt.a",
					/usr/local/opt/icu4c/lib/libicuuc.a,
					/usr/local/opt/icu4c/lib/libicudata.a,
				);
				PRODUCT_NAME = "$(TARGET_NAME)";
			};
			name = Release;
		};
/* End XCBuildConfiguration section */

/* Begin XCConfigurationList section */
		630478402502F3A300E8BDB3 /* Build configuration list for PBXProject "ccfx-macos" */ = {
			isa = XCConfigurationList;
			buildConfigurations = (
				6304784A2502F3A300E8BDB3 /* Debug */,
				6304784B2502F3A300E8BDB3 /* Release */,
			);
			defaultConfigurationIsVisible = 0;
			defaultConfigurationName = Release;
		};
		6325386A2502F61F00E88412 /* Build configuration list for PBXNativeTarget "easytorq" */ = {
			isa = XCConfigurationList;
			buildConfigurations = (
				6325386B2502F61F00E88412 /* Debug */,
				6325386C2502F61F00E88412 /* Release */,
			);
			defaultConfigurationIsVisible = 0;
			defaultConfigurationName = Release;
		};
		632538972503358F00E88412 /* Build configuration list for PBXNativeTarget "picosel" */ = {
			isa = XCConfigurationList;
			buildConfigurations = (
				632538982503358F00E88412 /* Debug */,
				632538992503358F00E88412 /* Release */,
			);
			defaultConfigurationIsVisible = 0;
			defaultConfigurationName = Release;
		};
		632538A8250337FB00E88412 /* Build configuration list for PBXNativeTarget "ccfx" */ = {
			isa = XCConfigurationList;
			buildConfigurations = (
				632538A9250337FB00E88412 /* Debug */,
				632538AA250337FB00E88412 /* Release */,
			);
			defaultConfigurationIsVisible = 0;
			defaultConfigurationName = Release;
		};
		63253944250356FF00E88412 /* Build configuration list for PBXNativeTarget "CCFinderXLib" */ = {
			isa = XCConfigurationList;
			buildConfigurations = (
				63253945250356FF00E88412 /* Debug */,
				63253946250356FF00E88412 /* Release */,
			);
			defaultConfigurationIsVisible = 0;
			defaultConfigurationName = Release;
		};
/* End XCConfigurationList section */
	};
	rootObject = 6304783D2502F3A300E8BDB3 /* Project object */;
}
